
Microsoft Visual Studio Solution File, Format Version 12.00
# Visual Studio Version 17
VisualStudioVersion = 17.2.32630.192
MinimumVisualStudioVersion = 10.0.40219.1
Project("{FAE04EC0-301F-11D3-BF4B-00C04F79EFBC}") = "BinarySerializationProblem", "BinarySerializationProblem.csproj", "{03E8C077-56E6-469D-B5D4-D72ADEC2F463}"
EndProject
Global
	GlobalSection(SolutionConfigurationPlatforms) = preSolution
		Debug|Any CPU = Debug|Any CPU
		Release|Any CPU = Release|Any CPU
	EndGlobalSection
	GlobalSection(ProjectConfigurationPlatforms) = postSolution
		{03E8C077-56E6-469D-B5D4-D72ADEC2F463}.Debug|Any CPU.ActiveCfg = Debug|Any CPU
		{03E8C077-56E6-469D-B5D4-D72ADEC2F463}.Debug|Any CPU.Build.0 = Debug|Any CPU
		{03E8C077-56E6-469D-B5D4-D72ADEC2F463}.Release|Any CPU.ActiveCfg = Release|Any CPU
		{03E8C077-56E6-469D-B5D4-D72ADEC2F463}.Release|Any CPU.Build.0 = Release|Any CPU
	EndGlobalSection
	GlobalSection(SolutionProperties) = preSolution
		HideSolutionNode = FALSE
	EndGlobalSection
	GlobalSection(ExtensibilityGlobals) = postSolution
		SolutionGuid = {E36B3D53-246A-4B4C-A48F-CEB1340B3A42}
	EndGlobalSection
EndGlobal
